name: "PR# 4847 - Attachment: Identity Confirmation With Document Unlock Code"
description: "Detects short inbound messages referencing an attached document that requires the recipient to confirm their identity and enter a code to unlock it, sent within an active thread context."
type: "rule"
severity: "medium"
source: |
  type.inbound
  and (
    // confirm to unlock language
    strings.icontains(body.current_thread.text, "confirm your identity")
    and strings.icontains(body.current_thread.text, "code to unlock document")
  )
  // and attached document
  and strings.icontains(body.current_thread.text, "attached document")
  // short message length
  and length(body.current_thread.text) < 500
  // plus previous threads
  and length(body.previous_threads) > 1
attack_types:
  - "Credential Phishing"
tactics_and_techniques:
  - "Social engineering"
  - "Encryption"
  - "PDF"
detection_methods:
  - "Content analysis"
id: "20b0993a-6378-5b15-9e1c-36b3cab9006a"
tags:
  - created_from_open_prs
  - rule_status_added
  - pr_author_keaton-sublime
references:
  - https://github.com/sublime-security/sublime-rules/pull/4847