name: "Impersonation: Norton Lifelock"
description: |
  Recursively scans files and archives to detect files impersonating Norton Lifelock.
references:
  - "https://techaeris.com/2021/10/23/psa-watch-out-for-norton-lifelock-phishing-emails/"
type: "rule"
source: |
  type.inbound
  and any(attachments,
      any(beta.binexplode(.),
          any(.scan.strings.strings, iregex_search(., ".*norton.?60.*", ".*lifelock.*"))
      )
  )
  and sender.email.domain.root_domain in $free_email_providers
tags:
  - "Suspicious attachment"
  - "Brand impersonation"
