name: "Brand impersonation: Norton"
description: |
  Scans files to detect Norton (Lifelock) impersonation.
references:
  - "https://techaeris.com/2021/10/23/psa-watch-out-for-norton-lifelock-phishing-emails/"
  - "https://playground.sublimesecurity.com?id=36860300-32fb-4752-b445-a8782741fbd2"
  - "https://playground.sublimesecurity.com?id=7dff3723-099f-4168-8792-1e9c5f9f5421"
  - "https://playground.sublimesecurity.com?id=9f6b4b1b-992e-400b-85f7-35cfabb57aa8"
type: "rule"
severity: "low"
source: |
  type.inbound
  and any(attachments,
      .file_extension in~ ('pdf', 'jpg', 'jpeg', 'png')
      and (
          strings.ilike(.file_name, "*norton*")
          or any(beta.binexplode(.),
              any(.scan.strings.strings, regex.icontains(., ".*norton.?60.*", ".*lifelock.*"))
          )
      )
  )
  // first-time sender
  and (
            (
                sender.email.domain.root_domain in $free_email_providers
                and sender.email.email not in $sender_emails
            )
            or (
                sender.email.domain.root_domain not in $free_email_providers
                and sender.email.domain.domain not in $sender_domains
            )
  )
tags:
  - "Brand impersonation"
  - "Suspicious attachment"
